
Microsoft Visual Studio Solution File, Format Version 12.00
# Visual Studio Version 17
VisualStudioVersion = 17.6.33829.357
MinimumVisualStudioVersion = 10.0.40219.1
Project("{FAE04EC0-301F-11D3-BF4B-00C04F79EFBC}") = "Calculator", "Calculator\Calculator.csproj", "{B9BFAE24-72C1-4B98-B58E-AE84A4A7994D}"
EndProject
Global
	GlobalSection(SolutionConfigurationPlatforms) = preSolution
		Debug|Any CPU = Debug|Any CPU
		Release|Any CPU = Release|Any CPU
	EndGlobalSection
	GlobalSection(ProjectConfigurationPlatforms) = postSolution
		{B9BFAE24-72C1-4B98-B58E-AE84A4A7994D}.Debug|Any CPU.ActiveCfg = Debug|Any CPU
		{B9BFAE24-72C1-4B98-B58E-AE84A4A7994D}.Debug|Any CPU.Build.0 = Debug|Any CPU
		{B9BFAE24-72C1-4B98-B58E-AE84A4A7994D}.Release|Any CPU.ActiveCfg = Release|Any CPU
		{B9BFAE24-72C1-4B98-B58E-AE84A4A7994D}.Release|Any CPU.Build.0 = Release|Any CPU
	EndGlobalSection
	GlobalSection(SolutionProperties) = preSolution
		HideSolutionNode = FALSE
	EndGlobalSection
	GlobalSection(ExtensibilityGlobals) = postSolution
		SolutionGuid = {15BFE048-B299-4D35-8FE1-70B9983C7C25}
	EndGlobalSection
EndGlobal
